
Microsoft Visual Studio Solution File, Format Version 12.00
# Visual Studio 15
VisualStudioVersion = 15.0.27428.2037
MinimumVisualStudioVersion = 10.0.40219.1
Project("{FAE04EC0-301F-11D3-BF4B-00C04F79EFBC}") = "PriceComparer.WebPresentation", "PriceComparer.WebPresentation\PriceComparer.WebPresentation.csproj", "{670E1879-42A4-4B90-9372-FDE1B962257C}"
EndProject
Project("{FAE04EC0-301F-11D3-BF4B-00C04F79EFBC}") = "PriceComparer.Domain", "PriceComparer.Domain\PriceComparer.Domain.csproj", "{BEB3A875-1507-4595-8594-F7DD4D1F373C}"
EndProject
Project("{FAE04EC0-301F-11D3-BF4B-00C04F79EFBC}") = "PriceComparer.Scrapers", "PriceComparer.Scrapers\PriceComparer.Scrapers.csproj", "{5031DA4E-39D3-45E5-A5B4-03E544C94000}"
EndProject
Project("{FAE04EC0-301F-11D3-BF4B-00C04F79EFBC}") = "PriceComparer.Scrapers.Tests", "PriceComparer.Scrapers.Tests\PriceComparer.Scrapers.Tests.csproj", "{D2A66E09-0851-47B3-ABC5-B2C0276EA152}"
EndProject
Project("{FAE04EC0-301F-11D3-BF4B-00C04F79EFBC}") = "PriceComparer.SeleniumPOC", "PriceComparer.SeleniumPOC\PriceComparer.SeleniumPOC.csproj", "{ED792DD0-AFD3-43AB-95C9-9E0C2F5EC4A1}"
EndProject
Project("{FAE04EC0-301F-11D3-BF4B-00C04F79EFBC}") = "PriceComparer.Frontend", "PriceComparer.Frontend\PriceComparer.Frontend.csproj", "{9FC95A4F-AC8F-4A05-97E8-0320DB721B04}"
EndProject
Project("{FAE04EC0-301F-11D3-BF4B-00C04F79EFBC}") = "PriceComparer.API", "PriceComparer.API\PriceComparer.API.csproj", "{3DE5216C-FAD7-474E-861D-E21481C25EA7}"
EndProject
Global
	GlobalSection(SolutionConfigurationPlatforms) = preSolution
		Debug|Any CPU = Debug|Any CPU
		Release|Any CPU = Release|Any CPU
	EndGlobalSection
	GlobalSection(ProjectConfigurationPlatforms) = postSolution
		{670E1879-42A4-4B90-9372-FDE1B962257C}.Debug|Any CPU.ActiveCfg = Debug|Any CPU
		{670E1879-42A4-4B90-9372-FDE1B962257C}.Debug|Any CPU.Build.0 = Debug|Any CPU
		{670E1879-42A4-4B90-9372-FDE1B962257C}.Release|Any CPU.ActiveCfg = Release|Any CPU
		{670E1879-42A4-4B90-9372-FDE1B962257C}.Release|Any CPU.Build.0 = Release|Any CPU
		{BEB3A875-1507-4595-8594-F7DD4D1F373C}.Debug|Any CPU.ActiveCfg = Debug|Any CPU
		{BEB3A875-1507-4595-8594-F7DD4D1F373C}.Debug|Any CPU.Build.0 = Debug|Any CPU
		{BEB3A875-1507-4595-8594-F7DD4D1F373C}.Release|Any CPU.ActiveCfg = Release|Any CPU
		{BEB3A875-1507-4595-8594-F7DD4D1F373C}.Release|Any CPU.Build.0 = Release|Any CPU
		{5031DA4E-39D3-45E5-A5B4-03E544C94000}.Debug|Any CPU.ActiveCfg = Debug|Any CPU
		{5031DA4E-39D3-45E5-A5B4-03E544C94000}.Debug|Any CPU.Build.0 = Debug|Any CPU
		{5031DA4E-39D3-45E5-A5B4-03E544C94000}.Release|Any CPU.ActiveCfg = Release|Any CPU
		{5031DA4E-39D3-45E5-A5B4-03E544C94000}.Release|Any CPU.Build.0 = Release|Any CPU
		{D2A66E09-0851-47B3-ABC5-B2C0276EA152}.Debug|Any CPU.ActiveCfg = Debug|Any CPU
		{D2A66E09-0851-47B3-ABC5-B2C0276EA152}.Debug|Any CPU.Build.0 = Debug|Any CPU
		{D2A66E09-0851-47B3-ABC5-B2C0276EA152}.Release|Any CPU.ActiveCfg = Release|Any CPU
		{D2A66E09-0851-47B3-ABC5-B2C0276EA152}.Release|Any CPU.Build.0 = Release|Any CPU
		{ED792DD0-AFD3-43AB-95C9-9E0C2F5EC4A1}.Debug|Any CPU.ActiveCfg = Debug|Any CPU
		{ED792DD0-AFD3-43AB-95C9-9E0C2F5EC4A1}.Debug|Any CPU.Build.0 = Debug|Any CPU
		{ED792DD0-AFD3-43AB-95C9-9E0C2F5EC4A1}.Release|Any CPU.ActiveCfg = Release|Any CPU
		{ED792DD0-AFD3-43AB-95C9-9E0C2F5EC4A1}.Release|Any CPU.Build.0 = Release|Any CPU
		{9FC95A4F-AC8F-4A05-97E8-0320DB721B04}.Debug|Any CPU.ActiveCfg = Debug|Any CPU
		{9FC95A4F-AC8F-4A05-97E8-0320DB721B04}.Debug|Any CPU.Build.0 = Debug|Any CPU
		{9FC95A4F-AC8F-4A05-97E8-0320DB721B04}.Release|Any CPU.ActiveCfg = Release|Any CPU
		{9FC95A4F-AC8F-4A05-97E8-0320DB721B04}.Release|Any CPU.Build.0 = Release|Any CPU
		{3DE5216C-FAD7-474E-861D-E21481C25EA7}.Debug|Any CPU.ActiveCfg = Debug|Any CPU
		{3DE5216C-FAD7-474E-861D-E21481C25EA7}.Debug|Any CPU.Build.0 = Debug|Any CPU
		{3DE5216C-FAD7-474E-861D-E21481C25EA7}.Release|Any CPU.ActiveCfg = Release|Any CPU
		{3DE5216C-FAD7-474E-861D-E21481C25EA7}.Release|Any CPU.Build.0 = Release|Any CPU
	EndGlobalSection
	GlobalSection(SolutionProperties) = preSolution
		HideSolutionNode = FALSE
	EndGlobalSection
	GlobalSection(ExtensibilityGlobals) = postSolution
		SolutionGuid = {B8D93041-3124-403F-AD3B-10EC00FE4B5C}
	EndGlobalSection
EndGlobal
